
Microsoft Visual Studio Solution File, Format Version 12.00
# Visual Studio Version 17
VisualStudioVersion = 17.0.32014.148
MinimumVisualStudioVersion = 10.0.40219.1
Project("{FAE04EC0-301F-11D3-BF4B-00C04F79EFBC}") = "PokemonTrainerCardGame", "PokemonTrainerCardGame\PokemonTrainerCardGame.csproj", "{E4BAD4E6-A513-4483-AD59-A34715B1FECD}"
EndProject
Global
	GlobalSection(SolutionConfigurationPlatforms) = preSolution
		Debug|Any CPU = Debug|Any CPU
		Release|Any CPU = Release|Any CPU
	EndGlobalSection
	GlobalSection(ProjectConfigurationPlatforms) = postSolution
		{E4BAD4E6-A513-4483-AD59-A34715B1FECD}.Debug|Any CPU.ActiveCfg = Debug|Any CPU
		{E4BAD4E6-A513-4483-AD59-A34715B1FECD}.Debug|Any CPU.Build.0 = Debug|Any CPU
		{E4BAD4E6-A513-4483-AD59-A34715B1FECD}.Release|Any CPU.ActiveCfg = Release|Any CPU
		{E4BAD4E6-A513-4483-AD59-A34715B1FECD}.Release|Any CPU.Build.0 = Release|Any CPU
	EndGlobalSection
	GlobalSection(SolutionProperties) = preSolution
		HideSolutionNode = FALSE
	EndGlobalSection
	GlobalSection(ExtensibilityGlobals) = postSolution
		SolutionGuid = {DA06613C-2A3F-4B54-8348-F48B4909AA8D}
	EndGlobalSection
EndGlobal
